
Microsoft Visual Studio Solution File, Format Version 12.00
# Visual Studio Version 16
VisualStudioVersion = 16.0.31424.327
MinimumVisualStudioVersion = 10.0.40219.1
Project("{FAE04EC0-301F-11D3-BF4B-00C04F79EFBC}") = "RegistrationProcess.web", "RegistrationProcess.web\RegistrationProcess.web.csproj", "{ED1E1942-BEF0-4D96-9E5A-808BF0E48EA3}"
EndProject
Project("{FAE04EC0-301F-11D3-BF4B-00C04F79EFBC}") = "DataAccess", "DataAccess\DataAccess.csproj", "{DA73D34C-C6F1-4DB1-A9D4-7F2A5DA6A76C}"
EndProject
Project("{FAE04EC0-301F-11D3-BF4B-00C04F79EFBC}") = "Framework", "Framework\Framework.csproj", "{F3B86077-AEB5-4E9E-B107-5F3F963FEC46}"
EndProject
Global
	GlobalSection(SolutionConfigurationPlatforms) = preSolution
		Debug|Any CPU = Debug|Any CPU
		Release|Any CPU = Release|Any CPU
	EndGlobalSection
	GlobalSection(ProjectConfigurationPlatforms) = postSolution
		{ED1E1942-BEF0-4D96-9E5A-808BF0E48EA3}.Debug|Any CPU.ActiveCfg = Debug|Any CPU
		{ED1E1942-BEF0-4D96-9E5A-808BF0E48EA3}.Debug|Any CPU.Build.0 = Debug|Any CPU
		{ED1E1942-BEF0-4D96-9E5A-808BF0E48EA3}.Release|Any CPU.ActiveCfg = Release|Any CPU
		{ED1E1942-BEF0-4D96-9E5A-808BF0E48EA3}.Release|Any CPU.Build.0 = Release|Any CPU
		{DA73D34C-C6F1-4DB1-A9D4-7F2A5DA6A76C}.Debug|Any CPU.ActiveCfg = Debug|Any CPU
		{DA73D34C-C6F1-4DB1-A9D4-7F2A5DA6A76C}.Debug|Any CPU.Build.0 = Debug|Any CPU
		{DA73D34C-C6F1-4DB1-A9D4-7F2A5DA6A76C}.Release|Any CPU.ActiveCfg = Release|Any CPU
		{DA73D34C-C6F1-4DB1-A9D4-7F2A5DA6A76C}.Release|Any CPU.Build.0 = Release|Any CPU
		{F3B86077-AEB5-4E9E-B107-5F3F963FEC46}.Debug|Any CPU.ActiveCfg = Debug|Any CPU
		{F3B86077-AEB5-4E9E-B107-5F3F963FEC46}.Debug|Any CPU.Build.0 = Debug|Any CPU
		{F3B86077-AEB5-4E9E-B107-5F3F963FEC46}.Release|Any CPU.ActiveCfg = Release|Any CPU
		{F3B86077-AEB5-4E9E-B107-5F3F963FEC46}.Release|Any CPU.Build.0 = Release|Any CPU
	EndGlobalSection
	GlobalSection(SolutionProperties) = preSolution
		HideSolutionNode = FALSE
	EndGlobalSection
	GlobalSection(ExtensibilityGlobals) = postSolution
		SolutionGuid = {49F90201-9B04-4A0E-8F9D-508A4C523E99}
	EndGlobalSection
EndGlobal
